
Microsoft Visual Studio Solution File, Format Version 12.00
# Visual Studio Version 17
VisualStudioVersion = 17.9.34622.214
MinimumVisualStudioVersion = 10.0.40219.1
Project("{FAE04EC0-301F-11D3-BF4B-00C04F79EFBC}") = "GitActionsTester", "GitActionsTester.csproj", "{6264E820-D94D-4BF8-AEA9-BA6FD9198977}"
EndProject
Global
	GlobalSection(SolutionConfigurationPlatforms) = preSolution
		Debug|Any CPU = Debug|Any CPU
		Release|Any CPU = Release|Any CPU
	EndGlobalSection
	GlobalSection(ProjectConfigurationPlatforms) = postSolution
		{6264E820-D94D-4BF8-AEA9-BA6FD9198977}.Debug|Any CPU.ActiveCfg = Debug|Any CPU
		{6264E820-D94D-4BF8-AEA9-BA6FD9198977}.Debug|Any CPU.Build.0 = Debug|Any CPU
		{6264E820-D94D-4BF8-AEA9-BA6FD9198977}.Release|Any CPU.ActiveCfg = Release|Any CPU
		{6264E820-D94D-4BF8-AEA9-BA6FD9198977}.Release|Any CPU.Build.0 = Release|Any CPU
	EndGlobalSection
	GlobalSection(SolutionProperties) = preSolution
		HideSolutionNode = FALSE
	EndGlobalSection
	GlobalSection(ExtensibilityGlobals) = postSolution
		SolutionGuid = {98AA6E04-C786-4F3A-BB21-5271D0BC9F70}
	EndGlobalSection
EndGlobal
